
Microsoft Visual Studio Solution File, Format Version 12.00
# Visual Studio Version 17
VisualStudioVersion = 17.4.33213.308
MinimumVisualStudioVersion = 10.0.40219.1
Project("{9A19103F-16F7-4668-BE54-9A1E7A4F7556}") = "FinalV4", "FinalV4\FinalV4.csproj", "{A7F4AC06-73B0-4C43-81CE-007466DB008F}"
EndProject
Global
	GlobalSection(SolutionConfigurationPlatforms) = preSolution
		Debug|Any CPU = Debug|Any CPU
		Release|Any CPU = Release|Any CPU
	EndGlobalSection
	GlobalSection(ProjectConfigurationPlatforms) = postSolution
		{A7F4AC06-73B0-4C43-81CE-007466DB008F}.Debug|Any CPU.ActiveCfg = Debug|Any CPU
		{A7F4AC06-73B0-4C43-81CE-007466DB008F}.Debug|Any CPU.Build.0 = Debug|Any CPU
		{A7F4AC06-73B0-4C43-81CE-007466DB008F}.Release|Any CPU.ActiveCfg = Release|Any CPU
		{A7F4AC06-73B0-4C43-81CE-007466DB008F}.Release|Any CPU.Build.0 = Release|Any CPU
	EndGlobalSection
	GlobalSection(SolutionProperties) = preSolution
		HideSolutionNode = FALSE
	EndGlobalSection
	GlobalSection(ExtensibilityGlobals) = postSolution
		SolutionGuid = {B77CC7F4-DF6E-48C0-A6B9-3C8946CF5399}
	EndGlobalSection
EndGlobal
